{
    "name": "multiple_package_json",
    "version": "0.1.0",
    "lockfileVersion": 1,
    "requires": true,
    "dependencies": {
        "@bazel/bazel": {
            "version": "0.26.1",
            "resolved": "https://registry.npmjs.org/@bazel/bazel/-/bazel-0.26.1.tgz",
            "integrity": "sha512-x0IR0KEML4JGG6QpAOpHQHWpMqM1YQjOi8zY1jjLwiRHhC3Y8Tc/Mcspnd6zUnjfs7MerPfppkyx2jaEnZwUuQ==",
            "dev": true,
            "requires": {
                "@bazel/bazel-darwin_x64": "0.26.1",
                "@bazel/bazel-linux_x64": "0.26.1",
                "@bazel/bazel-win32_x64": "0.26.1"
            },
            "dependencies": {
                "@bazel/bazel-darwin_x64": {
                    "version": "0.26.1",
                    "resolved": "https://registry.npmjs.org/@bazel/bazel-darwin_x64/-/bazel-darwin_x64-0.26.1.tgz",
                    "integrity": "sha512-9VjrR+ce+iS9xS1lgeAo1RAPXlxCvez/r3smN1lP4s4YNF0s5LAT0cevIl6Zz2nwyEha/6JvY3v6Euemy36F0w==",
                    "dev": true,
                    "optional": true
                },
                "@bazel/bazel-linux_x64": {
                    "version": "0.26.1",
                    "resolved": "https://registry.npmjs.org/@bazel/bazel-linux_x64/-/bazel-linux_x64-0.26.1.tgz",
                    "integrity": "sha512-oZooDxI1C4p7o18zx2Uns2cK/NN2hgF2YSBKH0aVDPAAxQA85h+g124CWDEbsghOdRMSBM0Hd0SSeIqwZcqLSw==",
                    "dev": true,
                    "optional": true
                },
                "@bazel/bazel-win32_x64": {
                    "version": "0.26.1",
                    "resolved": "https://registry.npmjs.org/@bazel/bazel-win32_x64/-/bazel-win32_x64-0.26.1.tgz",
                    "integrity": "sha512-0FkOo8+bxw13X2m6ALhXX2241gG9ZXgcLu0E/IbCWy/TmOB5bR0Z73CslszWbXIldVYnANuhFmnkxIa745Du5Q==",
                    "dev": true,
                    "optional": true
                }
            }
        },
        "@bazel/buildifier": {
            "version": "0.25.1",
            "resolved": "https://registry.npmjs.org/@bazel/buildifier/-/buildifier-0.25.1.tgz",
            "integrity": "sha512-d3+DgsGmQ3cSLCm99321cl+vKD/c3pNSQINCBnipmNeNd7UA3/UQ2Ibp6MXZslF8fMQDpuLxhhCFUOnFAoNWsw==",
            "dev": true,
            "requires": {
                "@bazel/buildifier-darwin_x64": "0.25.1",
                "@bazel/buildifier-linux_x64": "0.25.1",
                "@bazel/buildifier-win32_x64": "0.25.1"
            },
            "dependencies": {
                "@bazel/buildifier-darwin_x64": {
                    "version": "0.25.1",
                    "resolved": "https://registry.npmjs.org/@bazel/buildifier-darwin_x64/-/buildifier-darwin_x64-0.25.1.tgz",
                    "integrity": "sha512-9fD3tXYgSjpZCEUGFBadfwDw89b3z3acYLd8+a0F6Sb/9LB0jzXOCMzqFMA7m1b3wOh1ecgWOyT0TyPUDSLRkg==",
                    "dev": true,
                    "optional": true
                },
                "@bazel/buildifier-linux_x64": {
                    "version": "0.25.1",
                    "resolved": "https://registry.npmjs.org/@bazel/buildifier-linux_x64/-/buildifier-linux_x64-0.25.1.tgz",
                    "integrity": "sha512-Wt2yA+yeimi6i0USHoE1T2EhRJwtKDBmDLQx2E8Q+QXysULLm4usMEIGPdQYbHqKyjL75jbwlwZTlm9EzdXgCg==",
                    "dev": true,
                    "optional": true
                },
                "@bazel/buildifier-win32_x64": {
                    "version": "0.25.1",
                    "resolved": "https://registry.npmjs.org/@bazel/buildifier-win32_x64/-/buildifier-win32_x64-0.25.1.tgz",
                    "integrity": "sha512-ak91iv940z04NJfEhWHMSudjlZK5PrpDNL8k/cmYowi1JSfYvCchfABiXWxfWURmvqgSGE+KV72xxZ0HLU60bw==",
                    "dev": true,
                    "optional": true
                }
            }
        },
        "@bazel/ibazel": {
            "version": "0.10.3",
            "resolved": "https://registry.npmjs.org/@bazel/ibazel/-/ibazel-0.10.3.tgz",
            "integrity": "sha512-v1nXbMTHVlMM4z4uWp6XiRoHAyUlYggF1SOboLLWRp0+D22kWixqArWqnozLw2mOtnxr97BdLjluWiho6A8Hjg==",
            "dev": true
        }
    }
}
